
Microsoft Visual Studio Solution File, Format Version 12.00
# Visual Studio Version 17
VisualStudioVersion = 17.11.35327.3
MinimumVisualStudioVersion = 10.0.40219.1
Project("{FAE04EC0-301F-11D3-BF4B-00C04F79EFBC}") = "CSVsToSQLServer", "CSVsToSQLServer.csproj", "{359B98BD-4D78-4D3C-B8D8-34282BF7F2EB}"
EndProject
Global
	GlobalSection(SolutionConfigurationPlatforms) = preSolution
		Debug|Any CPU = Debug|Any CPU
		Release|Any CPU = Release|Any CPU
	EndGlobalSection
	GlobalSection(ProjectConfigurationPlatforms) = postSolution
		{359B98BD-4D78-4D3C-B8D8-34282BF7F2EB}.Debug|Any CPU.ActiveCfg = Debug|Any CPU
		{359B98BD-4D78-4D3C-B8D8-34282BF7F2EB}.Debug|Any CPU.Build.0 = Debug|Any CPU
		{359B98BD-4D78-4D3C-B8D8-34282BF7F2EB}.Release|Any CPU.ActiveCfg = Release|Any CPU
		{359B98BD-4D78-4D3C-B8D8-34282BF7F2EB}.Release|Any CPU.Build.0 = Release|Any CPU
	EndGlobalSection
	GlobalSection(SolutionProperties) = preSolution
		HideSolutionNode = FALSE
	EndGlobalSection
	GlobalSection(ExtensibilityGlobals) = postSolution
		SolutionGuid = {AF861C17-9B96-4EE2-9B64-AA73C07AAA0D}
	EndGlobalSection
EndGlobal
